{
    "name": "mediaremote-server",
    "version": "0.1.0",
    "lockfileVersion": 1,
    "requires": true,
    "dependencies": {
        "@protobufjs/aspromise": {
            "version": "1.1.2",
            "resolved": "https://registry.npmjs.org/@protobufjs/aspromise/-/aspromise-1.1.2.tgz",
            "integrity": "sha1-m4sMxmPWaafY9vXQiToU00jzD78="
        },
        "@protobufjs/base64": {
            "version": "1.1.2",
            "resolved": "https://registry.npmjs.org/@protobufjs/base64/-/base64-1.1.2.tgz",
            "integrity": "sha512-AZkcAA5vnN/v4PDqKyMR5lx7hZttPDgClv83E//FMNhR2TMcLUhfRUBHCmSl0oi9zMgDDqRUJkSxO3wm85+XLg=="
        },
        "@protobufjs/codegen": {
            "version": "2.0.4",
            "resolved": "https://registry.npmjs.org/@protobufjs/codegen/-/codegen-2.0.4.tgz",
            "integrity": "sha512-YyFaikqM5sH0ziFZCN3xDC7zeGaB/d0IUb9CATugHWbd1FRFwWwt4ld4OYMPWu5a3Xe01mGAULCdqhMlPl29Jg=="
        },
        "@protobufjs/eventemitter": {
            "version": "1.1.0",
            "resolved": "https://registry.npmjs.org/@protobufjs/eventemitter/-/eventemitter-1.1.0.tgz",
            "integrity": "sha1-NVy8mLr61ZePntCV85diHx0Ga3A="
        },
        "@protobufjs/fetch": {
            "version": "1.1.0",
            "resolved": "https://registry.npmjs.org/@protobufjs/fetch/-/fetch-1.1.0.tgz",
            "integrity": "sha1-upn7WYYUr2VwDBYZ/wbUVLDYTEU=",
            "requires": {
                "@protobufjs/aspromise": "^1.1.1",
                "@protobufjs/inquire": "^1.1.0"
            }
        },
        "@protobufjs/float": {
            "version": "1.0.2",
            "resolved": "https://registry.npmjs.org/@protobufjs/float/-/float-1.0.2.tgz",
            "integrity": "sha1-Xp4avctz/Ap8uLKR33jIy9l7h9E="
        },
        "@protobufjs/inquire": {
            "version": "1.1.0",
            "resolved": "https://registry.npmjs.org/@protobufjs/inquire/-/inquire-1.1.0.tgz",
            "integrity": "sha1-/yAOPnzyQp4tyvwRQIKOjMY48Ik="
        },
        "@protobufjs/path": {
            "version": "1.1.2",
            "resolved": "https://registry.npmjs.org/@protobufjs/path/-/path-1.1.2.tgz",
            "integrity": "sha1-bMKyDFya1q0NzP0hynZz2Nf79o0="
        },
        "@protobufjs/pool": {
            "version": "1.1.0",
            "resolved": "https://registry.npmjs.org/@protobufjs/pool/-/pool-1.1.0.tgz",
            "integrity": "sha1-Cf0V8tbTq/qbZbw2ZQbWrXhG/1Q="
        },
        "@protobufjs/utf8": {
            "version": "1.1.0",
            "resolved": "https://registry.npmjs.org/@protobufjs/utf8/-/utf8-1.1.0.tgz",
            "integrity": "sha1-p3c2C1s5oaLlEG+OhY8v0tBgxXA="
        },
        "@types/ed25519": {
            "version": "0.0.0",
            "resolved": "https://registry.npmjs.org/@types/ed25519/-/ed25519-0.0.0.tgz",
            "integrity": "sha512-i/NlbE4RSlXWckmNaRTPvNwM0MnirlP0FtCKhsjV+PExR9JtwDd8GxwOD7k9T1APxDpIG83aMZBtv1uy/AHJpg==",
            "dev": true,
            "requires": {
                "@types/node": "*"
            }
        },
        "@types/long": {
            "version": "4.0.0",
            "resolved": "https://registry.npmjs.org/@types/long/-/long-4.0.0.tgz",
            "integrity": "sha512-1w52Nyx4Gq47uuu0EVcsHBxZFJgurQ+rTKS3qMHxR1GY2T8c2AJYd6vZoZ9q1rupaDjU0yT+Jc2XTyXkjeMA+Q=="
        },
        "@types/mdns": {
            "version": "0.0.33",
            "resolved": "https://registry.npmjs.org/@types/mdns/-/mdns-0.0.33.tgz",
            "integrity": "sha512-Uhm8lyPXIe2hz+aiiD6PXkGc7dlFk6Kc2HJlqmWXhAJktD5Arg27EYre0wv1SmmpSGQZ30X6iCjZyIGYKxmCxw==",
            "dev": true,
            "requires": {
                "@types/node": "*"
            }
        },
        "@types/node": {
            "version": "10.14.8",
            "resolved": "https://registry.npmjs.org/@types/node/-/node-10.14.8.tgz",
            "integrity": "sha512-I4+DbJEhLEg4/vIy/2gkWDvXBOOtPKV9EnLhYjMoqxcRW+TTZtUftkHktz/a8suoD5mUL7m6ReLrkPvSsCQQmw=="
        },
        "@types/protobufjs": {
            "version": "6.0.0",
            "resolved": "https://registry.npmjs.org/@types/protobufjs/-/protobufjs-6.0.0.tgz",
            "integrity": "sha512-A27RDExpAf3rdDjIrHKiJK6x8kqqJ4CmoChwtipfhVAn1p7+wviQFFP7dppn8FslSbHtQeVPvi8wNKkDjSYjHw==",
            "dev": true,
            "requires": {
                "protobufjs": "*"
            }
        },
        "@types/varint": {
            "version": "5.0.0",
            "resolved": "https://registry.npmjs.org/@types/varint/-/varint-5.0.0.tgz",
            "integrity": "sha512-dIJiYqeDnYQ5Bc4mv+E5prqFIQlUTM1yDzwC5VQfL29pcYlm/5q1shY/MjbBT1FQAU5gzKE10DdGbu8B2EoFQg==",
            "dev": true,
            "requires": {
                "@types/node": "*"
            }
        },
        "bindings": {
            "version": "1.2.1",
            "resolved": "https://registry.npmjs.org/bindings/-/bindings-1.2.1.tgz",
            "integrity": "sha1-FK1hE4EtLTfXLme0ystLtyZQXxE="
        },
        "camelcase": {
            "version": "5.3.1",
            "resolved": "https://registry.npmjs.org/camelcase/-/camelcase-5.3.1.tgz",
            "integrity": "sha512-L28STB170nwWS63UjtlEOE3dldQApaJXZkOI1uMFfzf3rRuPegHaHesyee+YxQ+W6SvRDQV6UrdOdRiR153wJg=="
        },
        "curve25519-n": {
            "version": "1.5.0",
            "resolved": "https://registry.npmjs.org/curve25519-n/-/curve25519-n-1.5.0.tgz",
            "integrity": "sha512-bXPcp8KHMKX4kPh1Xwb8TYd6MyZCBU2CSjlRYCpwUQpI4ed29CkrxYKNn10JXbqkSgDUIsXlR5pEg+Yosze01A==",
            "requires": {
                "bindings": "~1.5.0",
                "nan": "^2.14.0"
            },
            "dependencies": {
                "bindings": {
                    "version": "1.5.0",
                    "resolved": "https://registry.npmjs.org/bindings/-/bindings-1.5.0.tgz",
                    "integrity": "sha512-p2q/t/mhvuOj/UeLlV6566GD/guowlr0hHxClI0W9m7MWYkL1F0hLo+0Aexs9HSPCtR1SXQ0TD3MMKrXZajbiQ==",
                    "requires": {
                        "file-uri-to-path": "1.0.0"
                    }
                }
            }
        },
        "dot-case": {
            "version": "3.0.2",
            "resolved": "https://registry.npmjs.org/dot-case/-/dot-case-3.0.2.tgz",
            "integrity": "sha512-z3vMZEW2o3btKlM9I6FQF0pIWTzBuW+udrAaJr+A6JA3+p62ADZjeFthKxqxKHZlUxQmkKeEWvaKLJdwpc5u6g==",
            "requires": {
                "no-case": "^3.0.2",
                "tslib": "^1.10.0"
            }
        },
        "fast-srp-hap": {
            "version": "1.0.1",
            "resolved": "https://registry.npmjs.org/fast-srp-hap/-/fast-srp-hap-1.0.1.tgz",
            "integrity": "sha1-N3Ek0Za8alFXquWze/X6NbtK0tk="
        },
        "file-uri-to-path": {
            "version": "1.0.0",
            "resolved": "https://registry.npmjs.org/file-uri-to-path/-/file-uri-to-path-1.0.0.tgz",
            "integrity": "sha512-0Zt+s3L7Vf1biwWZ29aARiVYLx7iMGnEUl9x33fbB/j3jR81u/O2LbqK+Bm1CDSNDKVtJ/YjwY7TUd5SkeLQLw=="
        },
        "long": {
            "version": "4.0.0",
            "resolved": "https://registry.npmjs.org/long/-/long-4.0.0.tgz",
            "integrity": "sha512-XsP+KhQif4bjX1kbuSiySJFNAehNxgLb6hPRGJ9QsUr8ajHkuXGdrHmFUTUUXhDwVX2R5bY4JNZEwbUiMhV+MA=="
        },
        "lower-case": {
            "version": "2.0.1",
            "resolved": "https://registry.npmjs.org/lower-case/-/lower-case-2.0.1.tgz",
            "integrity": "sha512-LiWgfDLLb1dwbFQZsSglpRj+1ctGnayXz3Uv0/WO8n558JycT5fg6zkNcnW0G68Nn0aEldTFeEfmjCfmqry/rQ==",
            "requires": {
                "tslib": "^1.10.0"
            }
        },
        "mdns": {
            "version": "2.5.1",
            "resolved": "https://registry.npmjs.org/mdns/-/mdns-2.5.1.tgz",
            "integrity": "sha512-JglS7Ed3Yf0BCpyC7LXA1MUrumMV8jj4g67nT3+m886SFYllz2HWBg8ObywFXWbBSv5gW0meMOOS4vVa2jZGCw==",
            "requires": {
                "bindings": "~1.2.1",
                "nan": "^2.14.0"
            }
        },
        "nan": {
            "version": "2.14.0",
            "resolved": "https://registry.npmjs.org/nan/-/nan-2.14.0.tgz",
            "integrity": "sha512-INOFj37C7k3AfaNTtX8RhsTw7qRy7eLET14cROi9+5HAVbbHuIWUHEauBv5qT4Av2tWasiTY1Jw6puUNqRJXQg=="
        },
        "no-case": {
            "version": "3.0.2",
            "resolved": "https://registry.npmjs.org/no-case/-/no-case-3.0.2.tgz",
            "integrity": "sha512-Yber3mEOA3T9+as7Z70TJUQCUPRmmq6s8NmsZX5aSB1qk+Mt+3a5JVPpnAnONUShLTkMDF4PJY3h0GKlXdRTNA==",
            "requires": {
                "lower-case": "^2.0.1",
                "tslib": "^1.10.0"
            }
        },
        "protobufjs": {
            "version": "6.8.8",
            "resolved": "https://registry.npmjs.org/protobufjs/-/protobufjs-6.8.8.tgz",
            "integrity": "sha512-AAmHtD5pXgZfi7GMpllpO3q1Xw1OYldr+dMUlAnffGTAhqkg72WdmSY71uKBF/JuyiKs8psYbtKrhi0ASCD8qw==",
            "requires": {
                "@protobufjs/aspromise": "^1.1.2",
                "@protobufjs/base64": "^1.1.2",
                "@protobufjs/codegen": "^2.0.4",
                "@protobufjs/eventemitter": "^1.1.0",
                "@protobufjs/fetch": "^1.1.0",
                "@protobufjs/float": "^1.0.2",
                "@protobufjs/inquire": "^1.1.0",
                "@protobufjs/path": "^1.1.2",
                "@protobufjs/pool": "^1.1.0",
                "@protobufjs/utf8": "^1.1.0",
                "@types/long": "^4.0.0",
                "@types/node": "^10.1.0",
                "long": "^4.0.0"
            }
        },
        "snake-case": {
            "version": "3.0.2",
            "resolved": "https://registry.npmjs.org/snake-case/-/snake-case-3.0.2.tgz",
            "integrity": "sha512-1fRJdasXJTcsrGnUkDsnKNjHoP9NGclbIkYyY6Vv0vBVgz32rqhPFPg/Y0yIP4hwOd41Dh8rocCRHjNIuK4EZg==",
            "requires": {
                "dot-case": "^3.0.2",
                "tslib": "^1.10.0"
            }
        },
        "tslib": {
            "version": "1.10.0",
            "resolved": "https://registry.npmjs.org/tslib/-/tslib-1.10.0.tgz",
            "integrity": "sha512-qOebF53frne81cf0S9B41ByenJ3/IuH8yJKngAX35CmiZySA0khhkovshKK+jGCaMnVomla7gVlIcc3EvKPbTQ=="
        },
        "tweetnacl": {
            "version": "1.0.1",
            "resolved": "https://registry.npmjs.org/tweetnacl/-/tweetnacl-1.0.1.tgz",
            "integrity": "sha512-kcoMoKTPYnoeS50tzoqjPY3Uv9axeuuFAZY9M/9zFnhoVvRfxz9K29IMPD7jGmt2c8SW7i3gT9WqDl2+nV7p4A=="
        },
        "typescript": {
            "version": "3.5.1",
            "resolved": "https://registry.npmjs.org/typescript/-/typescript-3.5.1.tgz",
            "integrity": "sha512-64HkdiRv1yYZsSe4xC1WVgamNigVYjlssIoaH2HcZF0+ijsk5YK2g0G34w9wJkze8+5ow4STd22AynfO6ZYYLw==",
            "dev": true
        },
        "varint": {
            "version": "5.0.0",
            "resolved": "https://registry.npmjs.org/varint/-/varint-5.0.0.tgz",
            "integrity": "sha1-2Ca4n3SQcy+rwMDtaT7Uddyynr8="
        }
    }
}
